// !$*UTF8*$!
{
	archiveVersion = 1;
	classes = {
	};
	objectVersion = 56;
	objects = {

/* Begin PBXBuildFile section */
		2757BF042911A993007D9EC8 /* AppDelegate.swift in Sources */ = {isa = PBXBuildFile; fileRef = 2757BF032911A993007D9EC8 /* AppDelegate.swift */; };
		2757BF062911A993007D9EC8 /* SceneDelegate.swift in Sources */ = {isa = PBXBuildFile; fileRef = 2757BF052911A993007D9EC8 /* SceneDelegate.swift */; };
		2757BF082911A993007D9EC8 /* ViewController.swift in Sources */ = {isa = PBXBuildFile; fileRef = 2757BF072911A993007D9EC8 /* ViewController.swift */; };
		2757BF0B2911A993007D9EC8 /* Main.storyboard in Resources */ = {isa = PBXBuildFile; fileRef = 2757BF092911A993007D9EC8 /* Main.storyboard */; };
		2757BF0D2911A995007D9EC8 /* Assets.xcassets in Resources */ = {isa = PBXBuildFile; fileRef = 2757BF0C2911A995007D9EC8 /* Assets.xcassets */; };
		2757BF102911A995007D9EC8 /* LaunchScreen.storyboard in Resources */ = {isa = PBXBuildFile; fileRef = 2757BF0E2911A995007D9EC8 /* LaunchScreen.storyboard */; };
		2757BF1B2911A995007D9EC8 /* CookItTests.swift in Sources */ = {isa = PBXBuildFile; fileRef = 2757BF1A2911A995007D9EC8 /* CookItTests.swift */; };
		2757BF252911A995007D9EC8 /* CookItUITests.swift in Sources */ = {isa = PBXBuildFile; fileRef = 2757BF242911A995007D9EC8 /* CookItUITests.swift */; };
		2757BF272911A995007D9EC8 /* CookItUITestsLaunchTests.swift in Sources */ = {isa = PBXBuildFile; fileRef = 2757BF262911A995007D9EC8 /* CookItUITestsLaunchTests.swift */; };
		2757BF342911AAB4007D9EC8 /* Recipe.swift in Sources */ = {isa = PBXBuildFile; fileRef = 2757BF332911AAB4007D9EC8 /* Recipe.swift */; };
		2757BF362911AC0D007D9EC8 /* RecipeDetailViewController.swift in Sources */ = {isa = PBXBuildFile; fileRef = 2757BF352911AC0D007D9EC8 /* RecipeDetailViewController.swift */; };
/* End PBXBuildFile section */

/* Begin PBXContainerItemProxy section */
		2757BF172911A995007D9EC8 /* PBXContainerItemProxy */ = {
			isa = PBXContainerItemProxy;
			containerPortal = 2757BEF82911A993007D9EC8 /* Project object */;
			proxyType = 1;
			remoteGlobalIDString = 2757BEFF2911A993007D9EC8;
			remoteInfo = CookIt;
		};
		2757BF212911A995007D9EC8 /* PBXContainerItemProxy */ = {
			isa = PBXContainerItemProxy;
			containerPortal = 2757BEF82911A993007D9EC8 /* Project object */;
			proxyType = 1;
			remoteGlobalIDString = 2757BEFF2911A993007D9EC8;
			remoteInfo = CookIt;
		};
/* End PBXContainerItemProxy section */

/* Begin PBXFileReference section */
		2757BF002911A993007D9EC8 /* CookIt.app */ = {isa = PBXFileReference; explicitFileType = wrapper.application; includeInIndex = 0; path = CookIt.app; sourceTree = BUILT_PRODUCTS_DIR; };
		2757BF032911A993007D9EC8 /* AppDelegate.swift */ = {isa = PBXFileReference; lastKnownFileType = sourcecode.swift; path = AppDelegate.swift; sourceTree = "<group>"; };
		2757BF052911A993007D9EC8 /* SceneDelegate.swift */ = {isa = PBXFileReference; lastKnownFileType = sourcecode.swift; path = SceneDelegate.swift; sourceTree = "<group>"; };
		2757BF072911A993007D9EC8 /* ViewController.swift */ = {isa = PBXFileReference; lastKnownFileType = sourcecode.swift; path = ViewController.swift; sourceTree = "<group>"; };
		2757BF0A2911A993007D9EC8 /* Base */ = {isa = PBXFileReference; lastKnownFileType = file.storyboard; name = Base; path = Base.lproj/Main.storyboard; sourceTree = "<group>"; };
		2757BF0C2911A995007D9EC8 /* Assets.xcassets */ = {isa = PBXFileReference; lastKnownFileType = folder.assetcatalog; path = Assets.xcassets; sourceTree = "<group>"; };
		2757BF0F2911A995007D9EC8 /* Base */ = {isa = PBXFileReference; lastKnownFileType = file.storyboard; name = Base; path = Base.lproj/LaunchScreen.storyboard; sourceTree = "<group>"; };
		2757BF112911A995007D9EC8 /* Info.plist */ = {isa = PBXFileReference; lastKnownFileType = text.plist.xml; path = Info.plist; sourceTree = "<group>"; };
		2757BF162911A995007D9EC8 /* CookItTests.xctest */ = {isa = PBXFileReference; explicitFileType = wrapper.cfbundle; includeInIndex = 0; path = CookItTests.xctest; sourceTree = BUILT_PRODUCTS_DIR; };
		2757BF1A2911A995007D9EC8 /* CookItTests.swift */ = {isa = PBXFileReference; lastKnownFileType = sourcecode.swift; path = CookItTests.swift; sourceTree = "<group>"; };
		2757BF202911A995007D9EC8 /* CookItUITests.xctest */ = {isa = PBXFileReference; explicitFileType = wrapper.cfbundle; includeInIndex = 0; path = CookItUITests.xctest; sourceTree = BUILT_PRODUCTS_DIR; };
		2757BF242911A995007D9EC8 /* CookItUITests.swift */ = {isa = PBXFileReference; lastKnownFileType = sourcecode.swift; path = CookItUITests.swift; sourceTree = "<group>"; };
		2757BF262911A995007D9EC8 /* CookItUITestsLaunchTests.swift */ = {isa = PBXFileReference; lastKnownFileType = sourcecode.swift; path = CookItUITestsLaunchTests.swift; sourceTree = "<group>"; };
		2757BF332911AAB4007D9EC8 /* Recipe.swift */ = {isa = PBXFileReference; lastKnownFileType = sourcecode.swift; path = Recipe.swift; sourceTree = "<group>"; };
		2757BF352911AC0D007D9EC8 /* RecipeDetailViewController.swift */ = {isa = PBXFileReference; lastKnownFileType = sourcecode.swift; path = RecipeDetailViewController.swift; sourceTree = "<group>"; };
/* End PBXFileReference section */

/* Begin PBXFrameworksBuildPhase section */
		2757BEFD2911A993007D9EC8 /* Frameworks */ = {
			isa = PBXFrameworksBuildPhase;
			buildActionMask = 2147483647;
			files = (
			);
			runOnlyForDeploymentPostprocessing = 0;
		};
		2757BF132911A995007D9EC8 /* Frameworks */ = {
			isa = PBXFrameworksBuildPhase;
			buildActionMask = 2147483647;
			files = (
			);
			runOnlyForDeploymentPostprocessing = 0;
		};
		2757BF1D2911A995007D9EC8 /* Frameworks */ = {
			isa = PBXFrameworksBuildPhase;
			buildActionMask = 2147483647;
			files = (
			);
			runOnlyForDeploymentPostprocessing = 0;
		};
/* End PBXFrameworksBuildPhase section */

/* Begin PBXGroup section */
		2757BEF72911A993007D9EC8 = {
			isa = PBXGroup;
			children = (
				2757BF022911A993007D9EC8 /* CookIt */,
				2757BF192911A995007D9EC8 /* CookItTests */,
				2757BF232911A995007D9EC8 /* CookItUITests */,
				2757BF012911A993007D9EC8 /* Products */,
			);
			sourceTree = "<group>";
		};
		2757BF012911A993007D9EC8 /* Products */ = {
			isa = PBXGroup;
			children = (
				2757BF002911A993007D9EC8 /* CookIt.app */,
				2757BF162911A995007D9EC8 /* CookItTests.xctest */,
				2757BF202911A995007D9EC8 /* CookItUITests.xctest */,
			);
			name = Products;
			sourceTree = "<group>";
		};
		2757BF022911A993007D9EC8 /* CookIt */ = {
			isa = PBXGroup;
			children = (
				2757BF032911A993007D9EC8 /* AppDelegate.swift */,
				2757BF052911A993007D9EC8 /* SceneDelegate.swift */,
				2757BF072911A993007D9EC8 /* ViewController.swift */,
				2757BF332911AAB4007D9EC8 /* Recipe.swift */,
				2757BF092911A993007D9EC8 /* Main.storyboard */,
				2757BF352911AC0D007D9EC8 /* RecipeDetailViewController.swift */,
				2757BF0C2911A995007D9EC8 /* Assets.xcassets */,
				2757BF0E2911A995007D9EC8 /* LaunchScreen.storyboard */,
				2757BF112911A995007D9EC8 /* Info.plist */,
			);
			path = CookIt;
			sourceTree = "<group>";
		};
		2757BF192911A995007D9EC8 /* CookItTests */ = {
			isa = PBXGroup;
			children = (
				2757BF1A2911A995007D9EC8 /* CookItTests.swift */,
			);
			path = CookItTests;
			sourceTree = "<group>";
		};
		2757BF232911A995007D9EC8 /* CookItUITests */ = {
			isa = PBXGroup;
			children = (
				2757BF242911A995007D9EC8 /* CookItUITests.swift */,
				2757BF262911A995007D9EC8 /* CookItUITestsLaunchTests.swift */,
			);
			path = CookItUITests;
			sourceTree = "<group>";
		};
/* End PBXGroup section */

/* Begin PBXNativeTarget section */
		2757BEFF2911A993007D9EC8 /* CookIt */ = {
			isa = PBXNativeTarget;
			buildConfigurationList = 2757BF2A2911A995007D9EC8 /* Build configuration list for PBXNativeTarget "CookIt" */;
			buildPhases = (
				2757BEFC2911A993007D9EC8 /* Sources */,
				2757BEFD2911A993007D9EC8 /* Frameworks */,
				2757BEFE2911A993007D9EC8 /* Resources */,
			);
			buildRules = (
			);
			dependencies = (
			);
			name = CookIt;
			productName = CookIt;
			productReference = 2757BF002911A993007D9EC8 /* CookIt.app */;
			productType = "com.apple.product-type.application";
		};
		2757BF152911A995007D9EC8 /* CookItTests */ = {
			isa = PBXNativeTarget;
			buildConfigurationList = 2757BF2D2911A995007D9EC8 /* Build configuration list for PBXNativeTarget "CookItTests" */;
			buildPhases = (
				2757BF122911A995007D9EC8 /* Sources */,
				2757BF132911A995007D9EC8 /* Frameworks */,
				2757BF142911A995007D9EC8 /* Resources */,
			);
			buildRules = (
			);
			dependencies = (
				2757BF182911A995007D9EC8 /* PBXTargetDependency */,
			);
			name = CookItTests;
			productName = CookItTests;
			productReference = 2757BF162911A995007D9EC8 /* CookItTests.xctest */;
			productType = "com.apple.product-type.bundle.unit-test";
		};
		2757BF1F2911A995007D9EC8 /* CookItUITests */ = {
			isa = PBXNativeTarget;
			buildConfigurationList = 2757BF302911A995007D9EC8 /* Build configuration list for PBXNativeTarget "CookItUITests" */;
			buildPhases = (
				2757BF1C2911A995007D9EC8 /* Sources */,
				2757BF1D2911A995007D9EC8 /* Frameworks */,
				2757BF1E2911A995007D9EC8 /* Resources */,
			);
			buildRules = (
			);
			dependencies = (
				2757BF222911A995007D9EC8 /* PBXTargetDependency */,
			);
			name = CookItUITests;
			productName = CookItUITests;
			productReference = 2757BF202911A995007D9EC8 /* CookItUITests.xctest */;
			productType = "com.apple.product-type.bundle.ui-testing";
		};
/* End PBXNativeTarget section */

/* Begin PBXProject section */
		2757BEF82911A993007D9EC8 /* Project object */ = {
			isa = PBXProject;
			attributes = {
				BuildIndependentTargetsInParallel = 1;
				LastSwiftUpdateCheck = 1400;
				LastUpgradeCheck = 1400;
				TargetAttributes = {
					2757BEFF2911A993007D9EC8 = {
						CreatedOnToolsVersion = 14.0.1;
					};
					2757BF152911A995007D9EC8 = {
						CreatedOnToolsVersion = 14.0.1;
						TestTargetID = 2757BEFF2911A993007D9EC8;
					};
					2757BF1F2911A995007D9EC8 = {
						CreatedOnToolsVersion = 14.0.1;
						TestTargetID = 2757BEFF2911A993007D9EC8;
					};
				};
			};
			buildConfigurationList = 2757BEFB2911A993007D9EC8 /* Build configuration list for PBXProject "CookIt" */;
			compatibilityVersion = "Xcode 14.0";
			developmentRegion = en;
			hasScannedForEncodings = 0;
			knownRegions = (
				en,
				Base,
			);
			mainGroup = 2757BEF72911A993007D9EC8;
			productRefGroup = 2757BF012911A993007D9EC8 /* Products */;
			projectDirPath = "";
			projectRoot = "";
			targets = (
				2757BEFF2911A993007D9EC8 /* CookIt */,
				2757BF152911A995007D9EC8 /* CookItTests */,
				2757BF1F2911A995007D9EC8 /* CookItUITests */,
			);
		};
/* End PBXProject section */

/* Begin PBXResourcesBuildPhase section */
		2757BEFE2911A993007D9EC8 /* Resources */ = {
			isa = PBXResourcesBuildPhase;
			buildActionMask = 2147483647;
			files = (
				2757BF102911A995007D9EC8 /* LaunchScreen.storyboard in Resources */,
				2757BF0D2911A995007D9EC8 /* Assets.xcassets in Resources */,
				2757BF0B2911A993007D9EC8 /* Main.storyboard in Resources */,
			);
			runOnlyForDeploymentPostprocessing = 0;
		};
		2757BF142911A995007D9EC8 /* Resources */ = {
			isa = PBXResourcesBuildPhase;
			buildActionMask = 2147483647;
			files = (
			);
			runOnlyForDeploymentPostprocessing = 0;
		};
		2757BF1E2911A995007D9EC8 /* Resources */ = {
			isa = PBXResourcesBuildPhase;
			buildActionMask = 2147483647;
			files = (
			);
			runOnlyForDeploymentPostprocessing = 0;
		};
/* End PBXResourcesBuildPhase section */

/* Begin PBXSourcesBuildPhase section */
		2757BEFC2911A993007D9EC8 /* Sources */ = {
			isa = PBXSourcesBuildPhase;
			buildActionMask = 2147483647;
			files = (
				2757BF082911A993007D9EC8 /* ViewController.swift in Sources */,
				2757BF042911A993007D9EC8 /* AppDelegate.swift in Sources */,
				2757BF062911A993007D9EC8 /* SceneDelegate.swift in Sources */,
				2757BF362911AC0D007D9EC8 /* RecipeDetailViewController.swift in Sources */,
				2757BF342911AAB4007D9EC8 /* Recipe.swift in Sources */,
			);
			runOnlyForDeploymentPostprocessing = 0;
		};
		2757BF122911A995007D9EC8 /* Sources */ = {
			isa = PBXSourcesBuildPhase;
			buildActionMask = 2147483647;
			files = (
				2757BF1B2911A995007D9EC8 /* CookItTests.swift in Sources */,
			);
			runOnlyForDeploymentPostprocessing = 0;
		};
		2757BF1C2911A995007D9EC8 /* Sources */ = {
			isa = PBXSourcesBuildPhase;
			buildActionMask = 2147483647;
			files = (
				2757BF252911A995007D9EC8 /* CookItUITests.swift in Sources */,
				2757BF272911A995007D9EC8 /* CookItUITestsLaunchTests.swift in Sources */,
			);
			runOnlyForDeploymentPostprocessing = 0;
		};
/* End PBXSourcesBuildPhase section */

/* Begin PBXTargetDependency section */
		2757BF182911A995007D9EC8 /* PBXTargetDependency */ = {
			isa = PBXTargetDependency;
			target = 2757BEFF2911A993007D9EC8 /* CookIt */;
			targetProxy = 2757BF172911A995007D9EC8 /* PBXContainerItemProxy */;
		};
		2757BF222911A995007D9EC8 /* PBXTargetDependency */ = {
			isa = PBXTargetDependency;
			target = 2757BEFF2911A993007D9EC8 /* CookIt */;
			targetProxy = 2757BF212911A995007D9EC8 /* PBXContainerItemProxy */;
		};
/* End PBXTargetDependency section */

/* Begin PBXVariantGroup section */
		2757BF092911A993007D9EC8 /* Main.storyboard */ = {
			isa = PBXVariantGroup;
			children = (
				2757BF0A2911A993007D9EC8 /* Base */,
			);
			name = Main.storyboard;
			sourceTree = "<group>";
		};
		2757BF0E2911A995007D9EC8 /* LaunchScreen.storyboard */ = {
			isa = PBXVariantGroup;
			children = (
				2757BF0F2911A995007D9EC8 /* Base */,
			);
			name = LaunchScreen.storyboard;
			sourceTree = "<group>";
		};
/* End PBXVariantGroup section */

/* Begin XCBuildConfiguration section */
		2757BF282911A995007D9EC8 /* Debug */ = {
			isa = XCBuildConfiguration;
			buildSettings = {
				ALWAYS_SEARCH_USER_PATHS = NO;
				CLANG_ANALYZER_NONNULL = YES;
				CLANG_ANALYZER_NUMBER_OBJECT_CONVERSION = YES_AGGRESSIVE;
				CLANG_CXX_LANGUAGE_STANDARD = "gnu++20";
				CLANG_ENABLE_MODULES = YES;
				CLANG_ENABLE_OBJC_ARC = YES;
				CLANG_ENABLE_OBJC_WEAK = YES;
				CLANG_WARN_BLOCK_CAPTURE_AUTORELEASING = YES;
				CLANG_WARN_BOOL_CONVERSION = YES;
				CLANG_WARN_COMMA = YES;
				CLANG_WARN_CONSTANT_CONVERSION = YES;
				CLANG_WARN_DEPRECATED_OBJC_IMPLEMENTATIONS = YES;
				CLANG_WARN_DIRECT_OBJC_ISA_USAGE = YES_ERROR;
				CLANG_WARN_DOCUMENTATION_COMMENTS = YES;
				CLANG_WARN_EMPTY_BODY = YES;
				CLANG_WARN_ENUM_CONVERSION = YES;
				CLANG_WARN_INFINITE_RECURSION = YES;
				CLANG_WARN_INT_CONVERSION = YES;
				CLANG_WARN_NON_LITERAL_NULL_CONVERSION = YES;
				CLANG_WARN_OBJC_IMPLICIT_RETAIN_SELF = YES;
				CLANG_WARN_OBJC_LITERAL_CONVERSION = YES;
				CLANG_WARN_OBJC_ROOT_CLASS = YES_ERROR;
				CLANG_WARN_QUOTED_INCLUDE_IN_FRAMEWORK_HEADER = YES;
				CLANG_WARN_RANGE_LOOP_ANALYSIS = YES;
				CLANG_WARN_STRICT_PROTOTYPES = YES;
				CLANG_WARN_SUSPICIOUS_MOVE = YES;
				CLANG_WARN_UNGUARDED_AVAILABILITY = YES_AGGRESSIVE;
				CLANG_WARN_UNREACHABLE_CODE = YES;
				CLANG_WARN__DUPLICATE_METHOD_MATCH = YES;
				COPY_PHASE_STRIP = NO;
				DEBUG_INFORMATION_FORMAT = dwarf;
				ENABLE_STRICT_OBJC_MSGSEND = YES;
				ENABLE_TESTABILITY = YES;
				GCC_C_LANGUAGE_STANDARD = gnu11;
				GCC_DYNAMIC_NO_PIC = NO;
				GCC_NO_COMMON_BLOCKS = YES;
				GCC_OPTIMIZATION_LEVEL = 0;
				GCC_PREPROCESSOR_DEFINITIONS = (
					"DEBUG=1",
					"$(inherited)",
				);
				GCC_WARN_64_TO_32_BIT_CONVERSION = YES;
				GCC_WARN_ABOUT_RETURN_TYPE = YES_ERROR;
				GCC_WARN_UNDECLARED_SELECTOR = YES;
				GCC_WARN_UNINITIALIZED_AUTOS = YES_AGGRESSIVE;
				GCC_WARN_UNUSED_FUNCTION = YES;
				GCC_WARN_UNUSED_VARIABLE = YES;
				IPHONEOS_DEPLOYMENT_TARGET = 16.0;
				MTL_ENABLE_DEBUG_INFO = INCLUDE_SOURCE;
				MTL_FAST_MATH = YES;
				ONLY_ACTIVE_ARCH = YES;
				SDKROOT = iphoneos;
				SWIFT_ACTIVE_COMPILATION_CONDITIONS = DEBUG;
				SWIFT_OPTIMIZATION_LEVEL = "-Onone";
			};
			name = Debug;
		};
		2757BF292911A995007D9EC8 /* Release */ = {
			isa = XCBuildConfiguration;
			buildSettings = {
				ALWAYS_SEARCH_USER_PATHS = NO;
				CLANG_ANALYZER_NONNULL = YES;
				CLANG_ANALYZER_NUMBER_OBJECT_CONVERSION = YES_AGGRESSIVE;
				CLANG_CXX_LANGUAGE_STANDARD = "gnu++20";
				CLANG_ENABLE_MODULES = YES;
				CLANG_ENABLE_OBJC_ARC = YES;
				CLANG_ENABLE_OBJC_WEAK = YES;
				CLANG_WARN_BLOCK_CAPTURE_AUTORELEASING = YES;
				CLANG_WARN_BOOL_CONVERSION = YES;
				CLANG_WARN_COMMA = YES;
				CLANG_WARN_CONSTANT_CONVERSION = YES;
				CLANG_WARN_DEPRECATED_OBJC_IMPLEMENTATIONS = YES;
				CLANG_WARN_DIRECT_OBJC_ISA_USAGE = YES_ERROR;
				CLANG_WARN_DOCUMENTATION_COMMENTS = YES;
				CLANG_WARN_EMPTY_BODY = YES;
				CLANG_WARN_ENUM_CONVERSION = YES;
				CLANG_WARN_INFINITE_RECURSION = YES;
				CLANG_WARN_INT_CONVERSION = YES;
				CLANG_WARN_NON_LITERAL_NULL_CONVERSION = YES;
				CLANG_WARN_OBJC_IMPLICIT_RETAIN_SELF = YES;
				CLANG_WARN_OBJC_LITERAL_CONVERSION = YES;
				CLANG_WARN_OBJC_ROOT_CLASS = YES_ERROR;
				CLANG_WARN_QUOTED_INCLUDE_IN_FRAMEWORK_HEADER = YES;
				CLANG_WARN_RANGE_LOOP_ANALYSIS = YES;
				CLANG_WARN_STRICT_PROTOTYPES = YES;
				CLANG_WARN_SUSPICIOUS_MOVE = YES;
				CLANG_WARN_UNGUARDED_AVAILABILITY = YES_AGGRESSIVE;
				CLANG_WARN_UNREACHABLE_CODE = YES;
				CLANG_WARN__DUPLICATE_METHOD_MATCH = YES;
				COPY_PHASE_STRIP = NO;
				DEBUG_INFORMATION_FORMAT = "dwarf-with-dsym";
				ENABLE_NS_ASSERTIONS = NO;
				ENABLE_STRICT_OBJC_MSGSEND = YES;
				GCC_C_LANGUAGE_STANDARD = gnu11;
				GCC_NO_COMMON_BLOCKS = YES;
				GCC_WARN_64_TO_32_BIT_CONVERSION = YES;
				GCC_WARN_ABOUT_RETURN_TYPE = YES_ERROR;
				GCC_WARN_UNDECLARED_SELECTOR = YES;
				GCC_WARN_UNINITIALIZED_AUTOS = YES_AGGRESSIVE;
				GCC_WARN_UNUSED_FUNCTION = YES;
				GCC_WARN_UNUSED_VARIABLE = YES;
				IPHONEOS_DEPLOYMENT_TARGET = 16.0;
				MTL_ENABLE_DEBUG_INFO = NO;
				MTL_FAST_MATH = YES;
				SDKROOT = iphoneos;
				SWIFT_COMPILATION_MODE = wholemodule;
				SWIFT_OPTIMIZATION_LEVEL = "-O";
				VALIDATE_PRODUCT = YES;
			};
			name = Release;
		};
		2757BF2B2911A995007D9EC8 /* Debug */ = {
			isa = XCBuildConfiguration;
			buildSettings = {
				ASSETCATALOG_COMPILER_APPICON_NAME = AppIcon;
				ASSETCATALOG_COMPILER_GLOBAL_ACCENT_COLOR_NAME = AccentColor;
				CODE_SIGN_STYLE = Automatic;
				CURRENT_PROJECT_VERSION = 1;
				GENERATE_INFOPLIST_FILE = YES;
				INFOPLIST_FILE = CookIt/Info.plist;
				INFOPLIST_KEY_UIApplicationSupportsIndirectInputEvents = YES;
				INFOPLIST_KEY_UILaunchStoryboardName = LaunchScreen;
				INFOPLIST_KEY_UIMainStoryboardFile = Main;
				INFOPLIST_KEY_UISupportedInterfaceOrientations_iPad = "UIInterfaceOrientationPortrait UIInterfaceOrientationPortraitUpsideDown UIInterfaceOrientationLandscapeLeft UIInterfaceOrientationLandscapeRight";
				INFOPLIST_KEY_UISupportedInterfaceOrientations_iPhone = "UIInterfaceOrientationPortrait UIInterfaceOrientationLandscapeLeft UIInterfaceOrientationLandscapeRight";
				LD_RUNPATH_SEARCH_PATHS = (
					"$(inherited)",
					"@executable_path/Frameworks",
				);
				MARKETING_VERSION = 1.0;
				PRODUCT_BUNDLE_IDENTIFIER = ca.bcit.ceilidh.CookIt;
				PRODUCT_NAME = "$(TARGET_NAME)";
				SWIFT_EMIT_LOC_STRINGS = YES;
				SWIFT_VERSION = 5.0;
				TARGETED_DEVICE_FAMILY = "1,2";
			};
			name = Debug;
		};
		2757BF2C2911A995007D9EC8 /* Release */ = {
			isa = XCBuildConfiguration;
			buildSettings = {
				ASSETCATALOG_COMPILER_APPICON_NAME = AppIcon;
				ASSETCATALOG_COMPILER_GLOBAL_ACCENT_COLOR_NAME = AccentColor;
				CODE_SIGN_STYLE = Automatic;
				CURRENT_PROJECT_VERSION = 1;
				GENERATE_INFOPLIST_FILE = YES;
				INFOPLIST_FILE = CookIt/Info.plist;
				INFOPLIST_KEY_UIApplicationSupportsIndirectInputEvents = YES;
				INFOPLIST_KEY_UILaunchStoryboardName = LaunchScreen;
				INFOPLIST_KEY_UIMainStoryboardFile = Main;
				INFOPLIST_KEY_UISupportedInterfaceOrientations_iPad = "UIInterfaceOrientationPortrait UIInterfaceOrientationPortraitUpsideDown UIInterfaceOrientationLandscapeLeft UIInterfaceOrientationLandscapeRight";
				INFOPLIST_KEY_UISupportedInterfaceOrientations_iPhone = "UIInterfaceOrientationPortrait UIInterfaceOrientationLandscapeLeft UIInterfaceOrientationLandscapeRight";
				LD_RUNPATH_SEARCH_PATHS = (
					"$(inherited)",
					"@executable_path/Frameworks",
				);
				MARKETING_VERSION = 1.0;
				PRODUCT_BUNDLE_IDENTIFIER = ca.bcit.ceilidh.CookIt;
				PRODUCT_NAME = "$(TARGET_NAME)";
				SWIFT_EMIT_LOC_STRINGS = YES;
				SWIFT_VERSION = 5.0;
				TARGETED_DEVICE_FAMILY = "1,2";
			};
			name = Release;
		};
		2757BF2E2911A995007D9EC8 /* Debug */ = {
			isa = XCBuildConfiguration;
			buildSettings = {
				ALWAYS_EMBED_SWIFT_STANDARD_LIBRARIES = YES;
				BUNDLE_LOADER = "$(TEST_HOST)";
				CODE_SIGN_STYLE = Automatic;
				CURRENT_PROJECT_VERSION = 1;
				GENERATE_INFOPLIST_FILE = YES;
				IPHONEOS_DEPLOYMENT_TARGET = 16.0;
				MARKETING_VERSION = 1.0;
				PRODUCT_BUNDLE_IDENTIFIER = ca.bcit.ceilidh.CookItTests;
				PRODUCT_NAME = "$(TARGET_NAME)";
				SWIFT_EMIT_LOC_STRINGS = NO;
				SWIFT_VERSION = 5.0;
				TARGETED_DEVICE_FAMILY = "1,2";
				TEST_HOST = "$(BUILT_PRODUCTS_DIR)/CookIt.app/$(BUNDLE_EXECUTABLE_FOLDER_PATH)/CookIt";
			};
			name = Debug;
		};
		2757BF2F2911A995007D9EC8 /* Release */ = {
			isa = XCBuildConfiguration;
			buildSettings = {
				ALWAYS_EMBED_SWIFT_STANDARD_LIBRARIES = YES;
				BUNDLE_LOADER = "$(TEST_HOST)";
				CODE_SIGN_STYLE = Automatic;
				CURRENT_PROJECT_VERSION = 1;
				GENERATE_INFOPLIST_FILE = YES;
				IPHONEOS_DEPLOYMENT_TARGET = 16.0;
				MARKETING_VERSION = 1.0;
				PRODUCT_BUNDLE_IDENTIFIER = ca.bcit.ceilidh.CookItTests;
				PRODUCT_NAME = "$(TARGET_NAME)";
				SWIFT_EMIT_LOC_STRINGS = NO;
				SWIFT_VERSION = 5.0;
				TARGETED_DEVICE_FAMILY = "1,2";
				TEST_HOST = "$(BUILT_PRODUCTS_DIR)/CookIt.app/$(BUNDLE_EXECUTABLE_FOLDER_PATH)/CookIt";
			};
			name = Release;
		};
		2757BF312911A995007D9EC8 /* Debug */ = {
			isa = XCBuildConfiguration;
			buildSettings = {
				ALWAYS_EMBED_SWIFT_STANDARD_LIBRARIES = YES;
				CODE_SIGN_STYLE = Automatic;
				CURRENT_PROJECT_VERSION = 1;
				GENERATE_INFOPLIST_FILE = YES;
				MARKETING_VERSION = 1.0;
				PRODUCT_BUNDLE_IDENTIFIER = ca.bcit.ceilidh.CookItUITests;
				PRODUCT_NAME = "$(TARGET_NAME)";
				SWIFT_EMIT_LOC_STRINGS = NO;
				SWIFT_VERSION = 5.0;
				TARGETED_DEVICE_FAMILY = "1,2";
				TEST_TARGET_NAME = CookIt;
			};
			name = Debug;
		};
		2757BF322911A995007D9EC8 /* Release */ = {
			isa = XCBuildConfiguration;
			buildSettings = {
				ALWAYS_EMBED_SWIFT_STANDARD_LIBRARIES = YES;
				CODE_SIGN_STYLE = Automatic;
				CURRENT_PROJECT_VERSION = 1;
				GENERATE_INFOPLIST_FILE = YES;
				MARKETING_VERSION = 1.0;
				PRODUCT_BUNDLE_IDENTIFIER = ca.bcit.ceilidh.CookItUITests;
				PRODUCT_NAME = "$(TARGET_NAME)";
				SWIFT_EMIT_LOC_STRINGS = NO;
				SWIFT_VERSION = 5.0;
				TARGETED_DEVICE_FAMILY = "1,2";
				TEST_TARGET_NAME = CookIt;
			};
			name = Release;
		};
/* End XCBuildConfiguration section */

/* Begin XCConfigurationList section */
		2757BEFB2911A993007D9EC8 /* Build configuration list for PBXProject "CookIt" */ = {
			isa = XCConfigurationList;
			buildConfigurations = (
				2757BF282911A995007D9EC8 /* Debug */,
				2757BF292911A995007D9EC8 /* Release */,
			);
			defaultConfigurationIsVisible = 0;
			defaultConfigurationName = Release;
		};
		2757BF2A2911A995007D9EC8 /* Build configuration list for PBXNativeTarget "CookIt" */ = {
			isa = XCConfigurationList;
			buildConfigurations = (
				2757BF2B2911A995007D9EC8 /* Debug */,
				2757BF2C2911A995007D9EC8 /* Release */,
			);
			defaultConfigurationIsVisible = 0;
			defaultConfigurationName = Release;
		};
		2757BF2D2911A995007D9EC8 /* Build configuration list for PBXNativeTarget "CookItTests" */ = {
			isa = XCConfigurationList;
			buildConfigurations = (
				2757BF2E2911A995007D9EC8 /* Debug */,
				2757BF2F2911A995007D9EC8 /* Release */,
			);
			defaultConfigurationIsVisible = 0;
			defaultConfigurationName = Release;
		};
		2757BF302911A995007D9EC8 /* Build configuration list for PBXNativeTarget "CookItUITests" */ = {
			isa = XCConfigurationList;
			buildConfigurations = (
				2757BF312911A995007D9EC8 /* Debug */,
				2757BF322911A995007D9EC8 /* Release */,
			);
			defaultConfigurationIsVisible = 0;
			defaultConfigurationName = Release;
		};
/* End XCConfigurationList section */
	};
	rootObject = 2757BEF82911A993007D9EC8 /* Project object */;
}
